
Microsoft Visual Studio Solution File, Format Version 12.00
# Visual Studio 2015
Project("{FAE04EC0-301F-11D3-BF4B-00C04F79EFBC}") = "KissyGhost.CSharp.Plugins", "KissyGhost.CSharp.Plugins.csproj", "{251B9A6D-7DDD-227C-8746-1EC4BB63BE92}"
EndProject
Project("{FAE04EC0-301F-11D3-BF4B-00C04F79EFBC}") = "KissyGhost.CSharp", "KissyGhost.CSharp.csproj", "{06A2720A-B23B-29C3-2586-6CE88EA39A86}"
EndProject
Project("{FAE04EC0-301F-11D3-BF4B-00C04F79EFBC}") = "KissyGhost.CSharp.Editor", "KissyGhost.CSharp.Editor.csproj", "{004213D5-EE3C-2308-9D3B-3ED76D3ABD7D}"
EndProject
Global
	GlobalSection(SolutionConfigurationPlatforms) = preSolution
		Debug|Any CPU = Debug|Any CPU
		Release|Any CPU = Release|Any CPU
	EndGlobalSection
	GlobalSection(ProjectConfigurationPlatforms) = postSolution
		{251B9A6D-7DDD-227C-8746-1EC4BB63BE92}.Debug|Any CPU.ActiveCfg = Debug|Any CPU
		{251B9A6D-7DDD-227C-8746-1EC4BB63BE92}.Debug|Any CPU.Build.0 = Debug|Any CPU
		{251B9A6D-7DDD-227C-8746-1EC4BB63BE92}.Release|Any CPU.ActiveCfg = Release|Any CPU
		{251B9A6D-7DDD-227C-8746-1EC4BB63BE92}.Release|Any CPU.Build.0 = Release|Any CPU
		{06A2720A-B23B-29C3-2586-6CE88EA39A86}.Debug|Any CPU.ActiveCfg = Debug|Any CPU
		{06A2720A-B23B-29C3-2586-6CE88EA39A86}.Debug|Any CPU.Build.0 = Debug|Any CPU
		{06A2720A-B23B-29C3-2586-6CE88EA39A86}.Release|Any CPU.ActiveCfg = Release|Any CPU
		{06A2720A-B23B-29C3-2586-6CE88EA39A86}.Release|Any CPU.Build.0 = Release|Any CPU
		{004213D5-EE3C-2308-9D3B-3ED76D3ABD7D}.Debug|Any CPU.ActiveCfg = Debug|Any CPU
		{004213D5-EE3C-2308-9D3B-3ED76D3ABD7D}.Debug|Any CPU.Build.0 = Debug|Any CPU
		{004213D5-EE3C-2308-9D3B-3ED76D3ABD7D}.Release|Any CPU.ActiveCfg = Release|Any CPU
		{004213D5-EE3C-2308-9D3B-3ED76D3ABD7D}.Release|Any CPU.Build.0 = Release|Any CPU
	EndGlobalSection
	GlobalSection(SolutionProperties) = preSolution
		HideSolutionNode = FALSE
	EndGlobalSection
EndGlobal
